// !$*UTF8*$!
{
	archiveVersion = 1;
	classes = {
	};
	objectVersion = 77;
	objects = {

/* Begin PBXBuildFile section */
		460555172E3FF17500308E07 /* ProfilesView.swift in Sources */ = {isa = PBXBuildFile; fileRef = 460555152E3FF17500308E07 /* ProfilesView.swift */; };
		460555182E3FF17500308E07 /* AddCardView.swift in Sources */ = {isa = PBXBuildFile; fileRef = 460555122E3FF17500308E07 /* AddCardView.swift */; };
		460555192E3FF17500308E07 /* Card.swift in Sources */ = {isa = PBXBuildFile; fileRef = 4605550D2E3FF17500308E07 /* Card.swift */; };
		4605551A2E3FF17500308E07 /* Profile.swift in Sources */ = {isa = PBXBuildFile; fileRef = 4605550E2E3FF17500308E07 /* Profile.swift */; };
		4605551B2E3FF17500308E07 /* NFCManager.swift in Sources */ = {isa = PBXBuildFile; fileRef = 460555102E3FF17500308E07 /* NFCManager.swift */; };
		4605551C2E3FF17500308E07 /* CardsView.swift in Sources */ = {isa = PBXBuildFile; fileRef = 460555142E3FF17500308E07 /* CardsView.swift */; };
		4605551D2E3FF17500308E07 /* AddProfileView.swift in Sources */ = {isa = PBXBuildFile; fileRef = 460555132E3FF17500308E07 /* AddProfileView.swift */; };
		460555212E3FF1C800308E07 /* CoreNFC.framework in Frameworks */ = {isa = PBXBuildFile; fileRef = 4605551F2E3FF19600308E07 /* CoreNFC.framework */; platformFilter = ios; };
/* End PBXBuildFile section */

/* Begin PBXContainerItemProxy section */
		460553F62E3FABA600308E07 /* PBXContainerItemProxy */ = {
			isa = PBXContainerItemProxy;
			containerPortal = 460553DD2E3FABA300308E07 /* Project object */;
			proxyType = 1;
			remoteGlobalIDString = 460553E42E3FABA300308E07;
			remoteInfo = walley;
		};
		460554002E3FABA600308E07 /* PBXContainerItemProxy */ = {
			isa = PBXContainerItemProxy;
			containerPortal = 460553DD2E3FABA300308E07 /* Project object */;
			proxyType = 1;
			remoteGlobalIDString = 460553E42E3FABA300308E07;
			remoteInfo = walley;
		};
/* End PBXContainerItemProxy section */

/* Begin PBXFileReference section */
		460553E52E3FABA300308E07 /* walley.app */ = {isa = PBXFileReference; explicitFileType = wrapper.application; includeInIndex = 0; path = walley.app; sourceTree = BUILT_PRODUCTS_DIR; };
		460553F52E3FABA600308E07 /* walleyTests.xctest */ = {isa = PBXFileReference; explicitFileType = wrapper.cfbundle; includeInIndex = 0; path = walleyTests.xctest; sourceTree = BUILT_PRODUCTS_DIR; };
		460553FF2E3FABA600308E07 /* walleyUITests.xctest */ = {isa = PBXFileReference; explicitFileType = wrapper.cfbundle; includeInIndex = 0; path = walleyUITests.xctest; sourceTree = BUILT_PRODUCTS_DIR; };
		4605550D2E3FF17500308E07 /* Card.swift */ = {isa = PBXFileReference; lastKnownFileType = sourcecode.swift; path = Card.swift; sourceTree = "<group>"; };
		4605550E2E3FF17500308E07 /* Profile.swift */ = {isa = PBXFileReference; lastKnownFileType = sourcecode.swift; path = Profile.swift; sourceTree = "<group>"; };
		460555102E3FF17500308E07 /* NFCManager.swift */ = {isa = PBXFileReference; lastKnownFileType = sourcecode.swift; path = NFCManager.swift; sourceTree = "<group>"; };
		460555122E3FF17500308E07 /* AddCardView.swift */ = {isa = PBXFileReference; lastKnownFileType = sourcecode.swift; path = AddCardView.swift; sourceTree = "<group>"; };
		460555132E3FF17500308E07 /* AddProfileView.swift */ = {isa = PBXFileReference; lastKnownFileType = sourcecode.swift; path = AddProfileView.swift; sourceTree = "<group>"; };
		460555142E3FF17500308E07 /* CardsView.swift */ = {isa = PBXFileReference; lastKnownFileType = sourcecode.swift; path = CardsView.swift; sourceTree = "<group>"; };
		460555152E3FF17500308E07 /* ProfilesView.swift */ = {isa = PBXFileReference; lastKnownFileType = sourcecode.swift; path = ProfilesView.swift; sourceTree = "<group>"; };
		4605551F2E3FF19600308E07 /* CoreNFC.framework */ = {isa = PBXFileReference; lastKnownFileType = wrapper.framework; name = CoreNFC.framework; path = Platforms/iPhoneOS.platform/Developer/SDKs/iPhoneOS18.4.sdk/System/Library/Frameworks/CoreNFC.framework; sourceTree = DEVELOPER_DIR; };
/* End PBXFileReference section */

/* Begin PBXFileSystemSynchronizedRootGroup section */
		460553E72E3FABA300308E07 /* walley */ = {
			isa = PBXFileSystemSynchronizedRootGroup;
			path = walley;
			sourceTree = "<group>";
		};
		460553F82E3FABA600308E07 /* walleyTests */ = {
			isa = PBXFileSystemSynchronizedRootGroup;
			path = walleyTests;
			sourceTree = "<group>";
		};
		460554022E3FABA600308E07 /* walleyUITests */ = {
			isa = PBXFileSystemSynchronizedRootGroup;
			path = walleyUITests;
			sourceTree = "<group>";
		};
/* End PBXFileSystemSynchronizedRootGroup section */

/* Begin PBXFrameworksBuildPhase section */
		460553E22E3FABA300308E07 /* Frameworks */ = {
			isa = PBXFrameworksBuildPhase;
			buildActionMask = 2147483647;
			files = (
				460555212E3FF1C800308E07 /* CoreNFC.framework in Frameworks */,
			);
			runOnlyForDeploymentPostprocessing = 0;
		};
		460553F22E3FABA600308E07 /* Frameworks */ = {
			isa = PBXFrameworksBuildPhase;
			buildActionMask = 2147483647;
			files = (
			);
			runOnlyForDeploymentPostprocessing = 0;
		};
		460553FC2E3FABA600308E07 /* Frameworks */ = {
			isa = PBXFrameworksBuildPhase;
			buildActionMask = 2147483647;
			files = (
			);
			runOnlyForDeploymentPostprocessing = 0;
		};
/* End PBXFrameworksBuildPhase section */

/* Begin PBXGroup section */
		460553DC2E3FABA300308E07 = {
			isa = PBXGroup;
			children = (
				460553E72E3FABA300308E07 /* walley */,
				460553F82E3FABA600308E07 /* walleyTests */,
				460554022E3FABA600308E07 /* walleyUITests */,
				460553E62E3FABA300308E07 /* Products */,
				4605550F2E3FF17500308E07 /* Models */,
				460555112E3FF17500308E07 /* Services */,
				460555162E3FF17500308E07 /* Views */,
				4605551E2E3FF19600308E07 /* Frameworks */,
			);
			sourceTree = "<group>";
		};
		460553E62E3FABA300308E07 /* Products */ = {
			isa = PBXGroup;
			children = (
				460553E52E3FABA300308E07 /* walley.app */,
				460553F52E3FABA600308E07 /* walleyTests.xctest */,
				460553FF2E3FABA600308E07 /* walleyUITests.xctest */,
			);
			name = Products;
			sourceTree = "<group>";
		};
		4605550F2E3FF17500308E07 /* Models */ = {
			isa = PBXGroup;
			children = (
				4605550D2E3FF17500308E07 /* Card.swift */,
				4605550E2E3FF17500308E07 /* Profile.swift */,
			);
			path = Models;
			sourceTree = "<group>";
		};
		460555112E3FF17500308E07 /* Services */ = {
			isa = PBXGroup;
			children = (
				460555102E3FF17500308E07 /* NFCManager.swift */,
			);
			path = Services;
			sourceTree = "<group>";
		};
		460555162E3FF17500308E07 /* Views */ = {
			isa = PBXGroup;
			children = (
				460555122E3FF17500308E07 /* AddCardView.swift */,
				460555132E3FF17500308E07 /* AddProfileView.swift */,
				460555142E3FF17500308E07 /* CardsView.swift */,
				460555152E3FF17500308E07 /* ProfilesView.swift */,
			);
			path = Views;
			sourceTree = "<group>";
		};
		4605551E2E3FF19600308E07 /* Frameworks */ = {
			isa = PBXGroup;
			children = (
				4605551F2E3FF19600308E07 /* CoreNFC.framework */,
			);
			name = Frameworks;
			sourceTree = "<group>";
		};
/* End PBXGroup section */

/* Begin PBXNativeTarget section */
		460553E42E3FABA300308E07 /* walley */ = {
			isa = PBXNativeTarget;
			buildConfigurationList = 460554092E3FABA600308E07 /* Build configuration list for PBXNativeTarget "walley" */;
			buildPhases = (
				460553E12E3FABA300308E07 /* Sources */,
				460553E22E3FABA300308E07 /* Frameworks */,
				460553E32E3FABA300308E07 /* Resources */,
			);
			buildRules = (
			);
			dependencies = (
			);
			fileSystemSynchronizedGroups = (
				460553E72E3FABA300308E07 /* walley */,
			);
			name = walley;
			packageProductDependencies = (
			);
			productName = walley;
			productReference = 460553E52E3FABA300308E07 /* walley.app */;
			productType = "com.apple.product-type.application";
		};
		460553F42E3FABA600308E07 /* walleyTests */ = {
			isa = PBXNativeTarget;
			buildConfigurationList = 4605540C2E3FABA600308E07 /* Build configuration list for PBXNativeTarget "walleyTests" */;
			buildPhases = (
				460553F12E3FABA600308E07 /* Sources */,
				460553F22E3FABA600308E07 /* Frameworks */,
				460553F32E3FABA600308E07 /* Resources */,
			);
			buildRules = (
			);
			dependencies = (
				460553F72E3FABA600308E07 /* PBXTargetDependency */,
			);
			fileSystemSynchronizedGroups = (
				460553F82E3FABA600308E07 /* walleyTests */,
			);
			name = walleyTests;
			packageProductDependencies = (
			);
			productName = walleyTests;
			productReference = 460553F52E3FABA600308E07 /* walleyTests.xctest */;
			productType = "com.apple.product-type.bundle.unit-test";
		};
		460553FE2E3FABA600308E07 /* walleyUITests */ = {
			isa = PBXNativeTarget;
			buildConfigurationList = 4605540F2E3FABA600308E07 /* Build configuration list for PBXNativeTarget "walleyUITests" */;
			buildPhases = (
				460553FB2E3FABA600308E07 /* Sources */,
				460553FC2E3FABA600308E07 /* Frameworks */,
				460553FD2E3FABA600308E07 /* Resources */,
			);
			buildRules = (
			);
			dependencies = (
				460554012E3FABA600308E07 /* PBXTargetDependency */,
			);
			fileSystemSynchronizedGroups = (
				460554022E3FABA600308E07 /* walleyUITests */,
			);
			name = walleyUITests;
			packageProductDependencies = (
			);
			productName = walleyUITests;
			productReference = 460553FF2E3FABA600308E07 /* walleyUITests.xctest */;
			productType = "com.apple.product-type.bundle.ui-testing";
		};
/* End PBXNativeTarget section */

/* Begin PBXProject section */
		460553DD2E3FABA300308E07 /* Project object */ = {
			isa = PBXProject;
			attributes = {
				BuildIndependentTargetsInParallel = 1;
				LastSwiftUpdateCheck = 1630;
				LastUpgradeCheck = 1630;
				TargetAttributes = {
					460553E42E3FABA300308E07 = {
						CreatedOnToolsVersion = 16.3;
					};
					460553F42E3FABA600308E07 = {
						CreatedOnToolsVersion = 16.3;
						TestTargetID = 460553E42E3FABA300308E07;
					};
					460553FE2E3FABA600308E07 = {
						CreatedOnToolsVersion = 16.3;
						TestTargetID = 460553E42E3FABA300308E07;
					};
				};
			};
			buildConfigurationList = 460553E02E3FABA300308E07 /* Build configuration list for PBXProject "walley" */;
			developmentRegion = en;
			hasScannedForEncodings = 0;
			knownRegions = (
				en,
				Base,
			);
			mainGroup = 460553DC2E3FABA300308E07;
			minimizedProjectReferenceProxies = 1;
			preferredProjectObjectVersion = 77;
			productRefGroup = 460553E62E3FABA300308E07 /* Products */;
			projectDirPath = "";
			projectRoot = "";
			targets = (
				460553E42E3FABA300308E07 /* walley */,
				460553F42E3FABA600308E07 /* walleyTests */,
				460553FE2E3FABA600308E07 /* walleyUITests */,
			);
		};
/* End PBXProject section */

/* Begin PBXResourcesBuildPhase section */
		460553E32E3FABA300308E07 /* Resources */ = {
			isa = PBXResourcesBuildPhase;
			buildActionMask = 2147483647;
			files = (
			);
			runOnlyForDeploymentPostprocessing = 0;
		};
		460553F32E3FABA600308E07 /* Resources */ = {
			isa = PBXResourcesBuildPhase;
			buildActionMask = 2147483647;
			files = (
			);
			runOnlyForDeploymentPostprocessing = 0;
		};
		460553FD2E3FABA600308E07 /* Resources */ = {
			isa = PBXResourcesBuildPhase;
			buildActionMask = 2147483647;
			files = (
			);
			runOnlyForDeploymentPostprocessing = 0;
		};
/* End PBXResourcesBuildPhase section */

/* Begin PBXSourcesBuildPhase section */
		460553E12E3FABA300308E07 /* Sources */ = {
			isa = PBXSourcesBuildPhase;
			buildActionMask = 2147483647;
			files = (
				460555172E3FF17500308E07 /* ProfilesView.swift in Sources */,
				460555182E3FF17500308E07 /* AddCardView.swift in Sources */,
				460555192E3FF17500308E07 /* Card.swift in Sources */,
				4605551A2E3FF17500308E07 /* Profile.swift in Sources */,
				4605551B2E3FF17500308E07 /* NFCManager.swift in Sources */,
				4605551C2E3FF17500308E07 /* CardsView.swift in Sources */,
				4605551D2E3FF17500308E07 /* AddProfileView.swift in Sources */,
			);
			runOnlyForDeploymentPostprocessing = 0;
		};
		460553F12E3FABA600308E07 /* Sources */ = {
			isa = PBXSourcesBuildPhase;
			buildActionMask = 2147483647;
			files = (
			);
			runOnlyForDeploymentPostprocessing = 0;
		};
		460553FB2E3FABA600308E07 /* Sources */ = {
			isa = PBXSourcesBuildPhase;
			buildActionMask = 2147483647;
			files = (
			);
			runOnlyForDeploymentPostprocessing = 0;
		};
/* End PBXSourcesBuildPhase section */

/* Begin PBXTargetDependency section */
		460553F72E3FABA600308E07 /* PBXTargetDependency */ = {
			isa = PBXTargetDependency;
			target = 460553E42E3FABA300308E07 /* walley */;
			targetProxy = 460553F62E3FABA600308E07 /* PBXContainerItemProxy */;
		};
		460554012E3FABA600308E07 /* PBXTargetDependency */ = {
			isa = PBXTargetDependency;
			target = 460553E42E3FABA300308E07 /* walley */;
			targetProxy = 460554002E3FABA600308E07 /* PBXContainerItemProxy */;
		};
/* End PBXTargetDependency section */

/* Begin XCBuildConfiguration section */
		460554072E3FABA600308E07 /* Debug */ = {
			isa = XCBuildConfiguration;
			buildSettings = {
				ALWAYS_SEARCH_USER_PATHS = NO;
				ASSETCATALOG_COMPILER_GENERATE_SWIFT_ASSET_SYMBOL_EXTENSIONS = YES;
				CLANG_ANALYZER_NONNULL = YES;
				CLANG_ANALYZER_NUMBER_OBJECT_CONVERSION = YES_AGGRESSIVE;
				CLANG_CXX_LANGUAGE_STANDARD = "gnu++20";
				CLANG_ENABLE_MODULES = YES;
				CLANG_ENABLE_OBJC_ARC = YES;
				CLANG_ENABLE_OBJC_WEAK = YES;
				CLANG_WARN_BLOCK_CAPTURE_AUTORELEASING = YES;
				CLANG_WARN_BOOL_CONVERSION = YES;
				CLANG_WARN_COMMA = YES;
				CLANG_WARN_CONSTANT_CONVERSION = YES;
				CLANG_WARN_DEPRECATED_OBJC_IMPLEMENTATIONS = YES;
				CLANG_WARN_DIRECT_OBJC_ISA_USAGE = YES_ERROR;
				CLANG_WARN_DOCUMENTATION_COMMENTS = YES;
				CLANG_WARN_EMPTY_BODY = YES;
				CLANG_WARN_ENUM_CONVERSION = YES;
				CLANG_WARN_INFINITE_RECURSION = YES;
				CLANG_WARN_INT_CONVERSION = YES;
				CLANG_WARN_NON_LITERAL_NULL_CONVERSION = YES;
				CLANG_WARN_OBJC_IMPLICIT_RETAIN_SELF = YES;
				CLANG_WARN_OBJC_LITERAL_CONVERSION = YES;
				CLANG_WARN_OBJC_ROOT_CLASS = YES_ERROR;
				CLANG_WARN_QUOTED_INCLUDE_IN_FRAMEWORK_HEADER = YES;
				CLANG_WARN_RANGE_LOOP_ANALYSIS = YES;
				CLANG_WARN_STRICT_PROTOTYPES = YES;
				CLANG_WARN_SUSPICIOUS_MOVE = YES;
				CLANG_WARN_UNGUARDED_AVAILABILITY = YES_AGGRESSIVE;
				CLANG_WARN_UNREACHABLE_CODE = YES;
				CLANG_WARN__DUPLICATE_METHOD_MATCH = YES;
				COPY_PHASE_STRIP = NO;
				DEBUG_INFORMATION_FORMAT = dwarf;
				ENABLE_STRICT_OBJC_MSGSEND = YES;
				ENABLE_TESTABILITY = YES;
				ENABLE_USER_SCRIPT_SANDBOXING = YES;
				GCC_C_LANGUAGE_STANDARD = gnu17;
				GCC_DYNAMIC_NO_PIC = NO;
				GCC_NO_COMMON_BLOCKS = YES;
				GCC_OPTIMIZATION_LEVEL = 0;
				GCC_PREPROCESSOR_DEFINITIONS = (
					"DEBUG=1",
					"$(inherited)",
				);
				GCC_WARN_64_TO_32_BIT_CONVERSION = YES;
				GCC_WARN_ABOUT_RETURN_TYPE = YES_ERROR;
				GCC_WARN_UNDECLARED_SELECTOR = YES;
				GCC_WARN_UNINITIALIZED_AUTOS = YES_AGGRESSIVE;
				GCC_WARN_UNUSED_FUNCTION = YES;
				GCC_WARN_UNUSED_VARIABLE = YES;
				LOCALIZATION_PREFERS_STRING_CATALOGS = YES;
				MTL_ENABLE_DEBUG_INFO = INCLUDE_SOURCE;
				MTL_FAST_MATH = YES;
				ONLY_ACTIVE_ARCH = YES;
				SWIFT_ACTIVE_COMPILATION_CONDITIONS = "DEBUG $(inherited)";
				SWIFT_OPTIMIZATION_LEVEL = "-Onone";
			};
			name = Debug;
		};
		460554082E3FABA600308E07 /* Release */ = {
			isa = XCBuildConfiguration;
			buildSettings = {
				ALWAYS_SEARCH_USER_PATHS = NO;
				ASSETCATALOG_COMPILER_GENERATE_SWIFT_ASSET_SYMBOL_EXTENSIONS = YES;
				CLANG_ANALYZER_NONNULL = YES;
				CLANG_ANALYZER_NUMBER_OBJECT_CONVERSION = YES_AGGRESSIVE;
				CLANG_CXX_LANGUAGE_STANDARD = "gnu++20";
				CLANG_ENABLE_MODULES = YES;
				CLANG_ENABLE_OBJC_ARC = YES;
				CLANG_ENABLE_OBJC_WEAK = YES;
				CLANG_WARN_BLOCK_CAPTURE_AUTORELEASING = YES;
				CLANG_WARN_BOOL_CONVERSION = YES;
				CLANG_WARN_COMMA = YES;
				CLANG_WARN_CONSTANT_CONVERSION = YES;
				CLANG_WARN_DEPRECATED_OBJC_IMPLEMENTATIONS = YES;
				CLANG_WARN_DIRECT_OBJC_ISA_USAGE = YES_ERROR;
				CLANG_WARN_DOCUMENTATION_COMMENTS = YES;
				CLANG_WARN_EMPTY_BODY = YES;
				CLANG_WARN_ENUM_CONVERSION = YES;
				CLANG_WARN_INFINITE_RECURSION = YES;
				CLANG_WARN_INT_CONVERSION = YES;
				CLANG_WARN_NON_LITERAL_NULL_CONVERSION = YES;
				CLANG_WARN_OBJC_IMPLICIT_RETAIN_SELF = YES;
				CLANG_WARN_OBJC_LITERAL_CONVERSION = YES;
				CLANG_WARN_OBJC_ROOT_CLASS = YES_ERROR;
				CLANG_WARN_QUOTED_INCLUDE_IN_FRAMEWORK_HEADER = YES;
				CLANG_WARN_RANGE_LOOP_ANALYSIS = YES;
				CLANG_WARN_STRICT_PROTOTYPES = YES;
				CLANG_WARN_SUSPICIOUS_MOVE = YES;
				CLANG_WARN_UNGUARDED_AVAILABILITY = YES_AGGRESSIVE;
				CLANG_WARN_UNREACHABLE_CODE = YES;
				CLANG_WARN__DUPLICATE_METHOD_MATCH = YES;
				COPY_PHASE_STRIP = NO;
				DEBUG_INFORMATION_FORMAT = "dwarf-with-dsym";
				ENABLE_NS_ASSERTIONS = NO;
				ENABLE_STRICT_OBJC_MSGSEND = YES;
				ENABLE_USER_SCRIPT_SANDBOXING = YES;
				GCC_C_LANGUAGE_STANDARD = gnu17;
				GCC_NO_COMMON_BLOCKS = YES;
				GCC_WARN_64_TO_32_BIT_CONVERSION = YES;
				GCC_WARN_ABOUT_RETURN_TYPE = YES_ERROR;
				GCC_WARN_UNDECLARED_SELECTOR = YES;
				GCC_WARN_UNINITIALIZED_AUTOS = YES_AGGRESSIVE;
				GCC_WARN_UNUSED_FUNCTION = YES;
				GCC_WARN_UNUSED_VARIABLE = YES;
				LOCALIZATION_PREFERS_STRING_CATALOGS = YES;
				MTL_ENABLE_DEBUG_INFO = NO;
				MTL_FAST_MATH = YES;
				SWIFT_COMPILATION_MODE = wholemodule;
			};
			name = Release;
		};
		4605540A2E3FABA600308E07 /* Debug */ = {
			isa = XCBuildConfiguration;
			buildSettings = {
				ASSETCATALOG_COMPILER_APPICON_NAME = AppIcon;
				ASSETCATALOG_COMPILER_GLOBAL_ACCENT_COLOR_NAME = AccentColor;
				CODE_SIGN_ENTITLEMENTS = walley/walley.entitlements;
				CODE_SIGN_STYLE = Automatic;
				CURRENT_PROJECT_VERSION = 1;
				DEVELOPMENT_TEAM = YP5DC3B3J6;
				ENABLE_PREVIEWS = YES;
				GENERATE_INFOPLIST_FILE = YES;
				"INFOPLIST_KEY_UIApplicationSceneManifest_Generation[sdk=iphoneos*]" = YES;
				"INFOPLIST_KEY_UIApplicationSceneManifest_Generation[sdk=iphonesimulator*]" = YES;
				"INFOPLIST_KEY_UIApplicationSupportsIndirectInputEvents[sdk=iphoneos*]" = YES;
				"INFOPLIST_KEY_UIApplicationSupportsIndirectInputEvents[sdk=iphonesimulator*]" = YES;
				"INFOPLIST_KEY_UILaunchScreen_Generation[sdk=iphoneos*]" = YES;
				"INFOPLIST_KEY_UILaunchScreen_Generation[sdk=iphonesimulator*]" = YES;
				"INFOPLIST_KEY_UIStatusBarStyle[sdk=iphoneos*]" = UIStatusBarStyleDefault;
				"INFOPLIST_KEY_UIStatusBarStyle[sdk=iphonesimulator*]" = UIStatusBarStyleDefault;
				INFOPLIST_KEY_UISupportedInterfaceOrientations_iPad = "UIInterfaceOrientationPortrait UIInterfaceOrientationPortraitUpsideDown UIInterfaceOrientationLandscapeLeft UIInterfaceOrientationLandscapeRight";
				INFOPLIST_KEY_UISupportedInterfaceOrientations_iPhone = "UIInterfaceOrientationPortrait UIInterfaceOrientationLandscapeLeft UIInterfaceOrientationLandscapeRight";
				IPHONEOS_DEPLOYMENT_TARGET = 18.4;
				LD_RUNPATH_SEARCH_PATHS = "@executable_path/Frameworks";
				"LD_RUNPATH_SEARCH_PATHS[sdk=macosx*]" = "@executable_path/../Frameworks";
				MACOSX_DEPLOYMENT_TARGET = 14.0;
				MARKETING_VERSION = 1.0;
				PRODUCT_BUNDLE_IDENTIFIER = com.xenio.walley.walley;
				PRODUCT_NAME = "$(TARGET_NAME)";
				REGISTER_APP_GROUPS = YES;
				SDKROOT = auto;
				SUPPORTED_PLATFORMS = "iphoneos iphonesimulator";
				SWIFT_EMIT_LOC_STRINGS = YES;
				SWIFT_VERSION = 5.0;
				TARGETED_DEVICE_FAMILY = "1,2";
				XROS_DEPLOYMENT_TARGET = 2.4;
			};
			name = Debug;
		};
		4605540B2E3FABA600308E07 /* Release */ = {
			isa = XCBuildConfiguration;
			buildSettings = {
				ASSETCATALOG_COMPILER_APPICON_NAME = AppIcon;
				ASSETCATALOG_COMPILER_GLOBAL_ACCENT_COLOR_NAME = AccentColor;
				CODE_SIGN_ENTITLEMENTS = walley/walley.entitlements;
				CODE_SIGN_STYLE = Automatic;
				CURRENT_PROJECT_VERSION = 1;
				DEVELOPMENT_TEAM = YP5DC3B3J6;
				ENABLE_PREVIEWS = YES;
				GENERATE_INFOPLIST_FILE = YES;
				"INFOPLIST_KEY_UIApplicationSceneManifest_Generation[sdk=iphoneos*]" = YES;
				"INFOPLIST_KEY_UIApplicationSceneManifest_Generation[sdk=iphonesimulator*]" = YES;
				"INFOPLIST_KEY_UIApplicationSupportsIndirectInputEvents[sdk=iphoneos*]" = YES;
				"INFOPLIST_KEY_UIApplicationSupportsIndirectInputEvents[sdk=iphonesimulator*]" = YES;
				"INFOPLIST_KEY_UILaunchScreen_Generation[sdk=iphoneos*]" = YES;
				"INFOPLIST_KEY_UILaunchScreen_Generation[sdk=iphonesimulator*]" = YES;
				"INFOPLIST_KEY_UIStatusBarStyle[sdk=iphoneos*]" = UIStatusBarStyleDefault;
				"INFOPLIST_KEY_UIStatusBarStyle[sdk=iphonesimulator*]" = UIStatusBarStyleDefault;
				INFOPLIST_KEY_UISupportedInterfaceOrientations_iPad = "UIInterfaceOrientationPortrait UIInterfaceOrientationPortraitUpsideDown UIInterfaceOrientationLandscapeLeft UIInterfaceOrientationLandscapeRight";
				INFOPLIST_KEY_UISupportedInterfaceOrientations_iPhone = "UIInterfaceOrientationPortrait UIInterfaceOrientationLandscapeLeft UIInterfaceOrientationLandscapeRight";
				IPHONEOS_DEPLOYMENT_TARGET = 18.4;
				LD_RUNPATH_SEARCH_PATHS = "@executable_path/Frameworks";
				"LD_RUNPATH_SEARCH_PATHS[sdk=macosx*]" = "@executable_path/../Frameworks";
				MACOSX_DEPLOYMENT_TARGET = 14.0;
				MARKETING_VERSION = 1.0;
				PRODUCT_BUNDLE_IDENTIFIER = com.xenio.walley.walley;
				PRODUCT_NAME = "$(TARGET_NAME)";
				REGISTER_APP_GROUPS = YES;
				SDKROOT = auto;
				SUPPORTED_PLATFORMS = "iphoneos iphonesimulator";
				SWIFT_EMIT_LOC_STRINGS = YES;
				SWIFT_VERSION = 5.0;
				TARGETED_DEVICE_FAMILY = "1,2";
				XROS_DEPLOYMENT_TARGET = 2.4;
			};
			name = Release;
		};
		4605540D2E3FABA600308E07 /* Debug */ = {
			isa = XCBuildConfiguration;
			buildSettings = {
				BUNDLE_LOADER = "$(TEST_HOST)";
				CODE_SIGN_STYLE = Automatic;
				CURRENT_PROJECT_VERSION = 1;
				GENERATE_INFOPLIST_FILE = YES;
				IPHONEOS_DEPLOYMENT_TARGET = 18.4;
				MACOSX_DEPLOYMENT_TARGET = 15.2;
				MARKETING_VERSION = 1.0;
				PRODUCT_BUNDLE_IDENTIFIER = com.xenio.walley.walleyTests;
				PRODUCT_NAME = "$(TARGET_NAME)";
				SDKROOT = auto;
				SUPPORTED_PLATFORMS = "iphonesimulator";
				SWIFT_EMIT_LOC_STRINGS = NO;
				SWIFT_VERSION = 5.0;
				TARGETED_DEVICE_FAMILY = "1,2";
				TEST_HOST = "$(BUILT_PRODUCTS_DIR)/walley.app/$(BUNDLE_EXECUTABLE_FOLDER_PATH)/walley";
				XROS_DEPLOYMENT_TARGET = 2.4;
			};
			name = Debug;
		};
		4605540E2E3FABA600308E07 /* Release */ = {
			isa = XCBuildConfiguration;
			buildSettings = {
				BUNDLE_LOADER = "$(TEST_HOST)";
				CODE_SIGN_STYLE = Automatic;
				CURRENT_PROJECT_VERSION = 1;
				GENERATE_INFOPLIST_FILE = YES;
				IPHONEOS_DEPLOYMENT_TARGET = 18.4;
				MACOSX_DEPLOYMENT_TARGET = 15.2;
				MARKETING_VERSION = 1.0;
				PRODUCT_BUNDLE_IDENTIFIER = com.xenio.walley.walleyTests;
				PRODUCT_NAME = "$(TARGET_NAME)";
				SDKROOT = auto;
				SUPPORTED_PLATFORMS = "iphonesimulator";
				SWIFT_EMIT_LOC_STRINGS = NO;
				SWIFT_VERSION = 5.0;
				TARGETED_DEVICE_FAMILY = "1,2";
				TEST_HOST = "$(BUILT_PRODUCTS_DIR)/walley.app/$(BUNDLE_EXECUTABLE_FOLDER_PATH)/walley";
				XROS_DEPLOYMENT_TARGET = 2.4;
			};
			name = Release;
		};
		460554102E3FABA600308E07 /* Debug */ = {
			isa = XCBuildConfiguration;
			buildSettings = {
				CODE_SIGN_STYLE = Automatic;
				CURRENT_PROJECT_VERSION = 1;
				GENERATE_INFOPLIST_FILE = YES;
				IPHONEOS_DEPLOYMENT_TARGET = 18.4;
				MACOSX_DEPLOYMENT_TARGET = 15.2;
				MARKETING_VERSION = 1.0;
				PRODUCT_BUNDLE_IDENTIFIER = com.xenio.walley.walleyUITests;
				PRODUCT_NAME = "$(TARGET_NAME)";
				SDKROOT = auto;
				SUPPORTED_PLATFORMS = "iphonesimulator";
				SWIFT_EMIT_LOC_STRINGS = NO;
				SWIFT_VERSION = 5.0;
				TARGETED_DEVICE_FAMILY = "1,2";
				TEST_TARGET_NAME = walley;
				XROS_DEPLOYMENT_TARGET = 2.4;
			};
			name = Debug;
		};
		460554112E3FABA600308E07 /* Release */ = {
			isa = XCBuildConfiguration;
			buildSettings = {
				CODE_SIGN_STYLE = Automatic;
				CURRENT_PROJECT_VERSION = 1;
				GENERATE_INFOPLIST_FILE = YES;
				IPHONEOS_DEPLOYMENT_TARGET = 18.4;
				MACOSX_DEPLOYMENT_TARGET = 15.2;
				MARKETING_VERSION = 1.0;
				PRODUCT_BUNDLE_IDENTIFIER = com.xenio.walley.walleyUITests;
				PRODUCT_NAME = "$(TARGET_NAME)";
				SDKROOT = auto;
				SUPPORTED_PLATFORMS = "iphonesimulator";
				SWIFT_EMIT_LOC_STRINGS = NO;
				SWIFT_VERSION = 5.0;
				TARGETED_DEVICE_FAMILY = "1,2";
				TEST_TARGET_NAME = walley;
				XROS_DEPLOYMENT_TARGET = 2.4;
			};
			name = Release;
		};
/* End XCBuildConfiguration section */

/* Begin XCConfigurationList section */
		460553E02E3FABA300308E07 /* Build configuration list for PBXProject "walley" */ = {
			isa = XCConfigurationList;
			buildConfigurations = (
				460554072E3FABA600308E07 /* Debug */,
				460554082E3FABA600308E07 /* Release */,
			);
			defaultConfigurationIsVisible = 0;
			defaultConfigurationName = Release;
		};
		460554092E3FABA600308E07 /* Build configuration list for PBXNativeTarget "walley" */ = {
			isa = XCConfigurationList;
			buildConfigurations = (
				4605540A2E3FABA600308E07 /* Debug */,
				4605540B2E3FABA600308E07 /* Release */,
			);
			defaultConfigurationIsVisible = 0;
			defaultConfigurationName = Release;
		};
		4605540C2E3FABA600308E07 /* Build configuration list for PBXNativeTarget "walleyTests" */ = {
			isa = XCConfigurationList;
			buildConfigurations = (
				4605540D2E3FABA600308E07 /* Debug */,
				4605540E2E3FABA600308E07 /* Release */,
			);
			defaultConfigurationIsVisible = 0;
			defaultConfigurationName = Release;
		};
		4605540F2E3FABA600308E07 /* Build configuration list for PBXNativeTarget "walleyUITests" */ = {
			isa = XCConfigurationList;
			buildConfigurations = (
				460554102E3FABA600308E07 /* Debug */,
				460554112E3FABA600308E07 /* Release */,
			);
			defaultConfigurationIsVisible = 0;
			defaultConfigurationName = Release;
		};
/* End XCConfigurationList section */
	};
	rootObject = 460553DD2E3FABA300308E07 /* Project object */;
}
